
Microsoft Visual Studio Solution File, Format Version 12.00
# Visual Studio 15
VisualStudioVersion = 15.0.28307.757
MinimumVisualStudioVersion = 10.0.40219.1
Project("{FAE04EC0-301F-11D3-BF4B-00C04F79EFBC}") = "Snake Game WF", "Snake Game WF\Snake Game WF.csproj", "{70F67CD2-10C0-4547-B232-002C1783E796}"
EndProject
Global
	GlobalSection(SolutionConfigurationPlatforms) = preSolution
		Debug|Any CPU = Debug|Any CPU
		Release|Any CPU = Release|Any CPU
	EndGlobalSection
	GlobalSection(ProjectConfigurationPlatforms) = postSolution
		{70F67CD2-10C0-4547-B232-002C1783E796}.Debug|Any CPU.ActiveCfg = Debug|Any CPU
		{70F67CD2-10C0-4547-B232-002C1783E796}.Debug|Any CPU.Build.0 = Debug|Any CPU
		{70F67CD2-10C0-4547-B232-002C1783E796}.Release|Any CPU.ActiveCfg = Release|Any CPU
		{70F67CD2-10C0-4547-B232-002C1783E796}.Release|Any CPU.Build.0 = Release|Any CPU
	EndGlobalSection
	GlobalSection(SolutionProperties) = preSolution
		HideSolutionNode = FALSE
	EndGlobalSection
	GlobalSection(ExtensibilityGlobals) = postSolution
		SolutionGuid = {CDD46B62-1826-4062-8F30-C2D66623D78B}
	EndGlobalSection
EndGlobal
